dependencies:
- name: vault
  repository: https://helm.releases.hashicorp.com
  version: 0.32.0
- name: vault-secrets-operator
  repository: https://helm.releases.hashicorp.com
  version: 1.4.0
digest: sha256:a798241781186c9746739d4a54f7c5404dd220197bf9e5126edb6b34b834f729
generated: "2026-05-05T22:20:11.223654456Z"
