dependencies:
- name: vault
  repository: https://helm.releases.hashicorp.com
  version: 0.31.0
- name: vault-secrets-operator
  repository: https://helm.releases.hashicorp.com
  version: 1.2.0
digest: sha256:a586c201a6ea037187550cef8ba500e355007ae344e0073c928305c0f56aed87
generated: "2026-01-12T23:20:04.589500232Z"
