dependencies:
- name: vault
  repository: https://helm.releases.hashicorp.com
  version: 0.34.0
- name: vault-secrets-operator
  repository: https://helm.releases.hashicorp.com
  version: 1.4.1
digest: sha256:60dd6c72de8d123ad33666f54a8e3ca4ba02d387904270ee073fee3e2fe13cfb
generated: "2026-07-02T14:20:34.713480567Z"
